{
  "name": "lateral-stays",
  "version": "0.1.0",
  "lockfileVersion": 3,
  "requires": true,
  "packages": {
    "": {
      "name": "lateral-stays",
      "version": "0.1.0",
      "workspaces": [
        "apps/*"
      ],
      "engines": {
        "node": ">=20"
      }
    },
    "apps/api": {
      "name": "@lateral-stays/api",
      "version": "0.1.0"
    },
    "apps/web": {
      "name": "@lateral-stays/web",
      "version": "0.1.0"
    },
    "node_modules/@lateral-stays/api": {
      "resolved": "apps/api",
      "link": true
    },
    "node_modules/@lateral-stays/web": {
      "resolved": "apps/web",
      "link": true
    }
  }
}
